
Microsoft Visual Studio Solution File, Format Version 12.00
# Visual Studio Version 17
VisualStudioVersion = 17.1.32414.318
MinimumVisualStudioVersion = 10.0.40219.1
Project("{FAE04EC0-301F-11D3-BF4B-00C04F79EFBC}") = "VajixPlayer", "VajixPlayer\VajixPlayer.csproj", "{C2052DEF-9BA9-44D7-98CE-F48E917D4F01}"
EndProject
Project("{54435603-DBB4-11D2-8724-00A0C9A8B90C}") = "VajiX_Player", "VajiX_Player\VajiX_Player.vdproj", "{BC51C6A7-44D5-424B-A647-8613F8D438E0}"
EndProject
Project("{54435603-DBB4-11D2-8724-00A0C9A8B90C}") = "VajiX_Player_Develop", "VajiX_Player_Develop\VajiX_Player_Develop.vdproj", "{80771B20-62E0-41CD-AF44-4F96DFBC7158}"
EndProject
Project("{54435603-DBB4-11D2-8724-00A0C9A8B90C}") = "VajiX__Player", "VajiX__Player\VajiX__Player.vdproj", "{61AE64C6-FB65-44E9-A160-38F1BFD45705}"
EndProject
Project("{54435603-DBB4-11D2-8724-00A0C9A8B90C}") = "VajiX_Player_", "VajiX_Player_\VajiX_Player_.vdproj", "{E7A32CFD-0821-41C6-AB0B-5DD96BC18B08}"
EndProject
Project("{54435603-DBB4-11D2-8724-00A0C9A8B90C}") = "VajiX_Player_My", "VajiX_Player_My\VajiX_Player_My.vdproj", "{D509D55E-7A5D-4221-B85C-E5C701743B20}"
EndProject
Project("{54435603-DBB4-11D2-8724-00A0C9A8B90C}") = "MyInstaller", "MyInstaller\MyInstaller.vdproj", "{621601D1-BB63-421B-AE84-1255EABAFACE}"
EndProject
Project("{54435603-DBB4-11D2-8724-00A0C9A8B90C}") = "MySettup", "MySettup\MySettup.vdproj", "{C6E631EB-3D9D-4CB3-833D-0497A66DC5EA}"
EndProject
Project("{54435603-DBB4-11D2-8724-00A0C9A8B90C}") = "Setup1", "Setup1\Setup1.vdproj", "{BF6F6A9C-C84E-42AF-B64C-03EBE0417D0F}"
EndProject
Project("{54435603-DBB4-11D2-8724-00A0C9A8B90C}") = "Setup2", "Setup2\Setup2.vdproj", "{0FD3A922-5B54-4903-9FA0-8032F211A0F4}"
EndProject
Project("{54435603-DBB4-11D2-8724-00A0C9A8B90C}") = "Setup3", "Setup3\Setup3.vdproj", "{45C95DD1-F5B4-4552-905C-0B3A3D76238D}"
EndProject
Global
	GlobalSection(SolutionConfigurationPlatforms) = preSolution
		Debug|Any CPU = Debug|Any CPU
		Release|Any CPU = Release|Any CPU
	EndGlobalSection
	GlobalSection(ProjectConfigurationPlatforms) = postSolution
		{C2052DEF-9BA9-44D7-98CE-F48E917D4F01}.Debug|Any CPU.ActiveCfg = Debug|Any CPU
		{C2052DEF-9BA9-44D7-98CE-F48E917D4F01}.Debug|Any CPU.Build.0 = Debug|Any CPU
		{C2052DEF-9BA9-44D7-98CE-F48E917D4F01}.Release|Any CPU.ActiveCfg = Release|Any CPU
		{C2052DEF-9BA9-44D7-98CE-F48E917D4F01}.Release|Any CPU.Build.0 = Release|Any CPU
		{BC51C6A7-44D5-424B-A647-8613F8D438E0}.Debug|Any CPU.ActiveCfg = Debug
		{BC51C6A7-44D5-424B-A647-8613F8D438E0}.Release|Any CPU.ActiveCfg = Release
		{80771B20-62E0-41CD-AF44-4F96DFBC7158}.Debug|Any CPU.ActiveCfg = Debug
		{80771B20-62E0-41CD-AF44-4F96DFBC7158}.Release|Any CPU.ActiveCfg = Release
		{61AE64C6-FB65-44E9-A160-38F1BFD45705}.Debug|Any CPU.ActiveCfg = Debug
		{61AE64C6-FB65-44E9-A160-38F1BFD45705}.Release|Any CPU.ActiveCfg = Release
		{E7A32CFD-0821-41C6-AB0B-5DD96BC18B08}.Debug|Any CPU.ActiveCfg = Debug
		{E7A32CFD-0821-41C6-AB0B-5DD96BC18B08}.Release|Any CPU.ActiveCfg = Release
		{D509D55E-7A5D-4221-B85C-E5C701743B20}.Debug|Any CPU.ActiveCfg = Debug
		{D509D55E-7A5D-4221-B85C-E5C701743B20}.Release|Any CPU.ActiveCfg = Release
		{621601D1-BB63-421B-AE84-1255EABAFACE}.Debug|Any CPU.ActiveCfg = Debug
		{621601D1-BB63-421B-AE84-1255EABAFACE}.Release|Any CPU.ActiveCfg = Release
		{C6E631EB-3D9D-4CB3-833D-0497A66DC5EA}.Debug|Any CPU.ActiveCfg = Debug
		{C6E631EB-3D9D-4CB3-833D-0497A66DC5EA}.Release|Any CPU.ActiveCfg = Release
		{BF6F6A9C-C84E-42AF-B64C-03EBE0417D0F}.Debug|Any CPU.ActiveCfg = Debug
		{BF6F6A9C-C84E-42AF-B64C-03EBE0417D0F}.Release|Any CPU.ActiveCfg = Release
		{0FD3A922-5B54-4903-9FA0-8032F211A0F4}.Debug|Any CPU.ActiveCfg = Debug
		{0FD3A922-5B54-4903-9FA0-8032F211A0F4}.Release|Any CPU.ActiveCfg = Release
		{45C95DD1-F5B4-4552-905C-0B3A3D76238D}.Debug|Any CPU.ActiveCfg = Debug
		{45C95DD1-F5B4-4552-905C-0B3A3D76238D}.Release|Any CPU.ActiveCfg = Release
	EndGlobalSection
	GlobalSection(SolutionProperties) = preSolution
		HideSolutionNode = FALSE
	EndGlobalSection
	GlobalSection(ExtensibilityGlobals) = postSolution
		SolutionGuid = {F1EA4710-E609-4F46-8DA2-AFA2FA3FA786}
	EndGlobalSection
EndGlobal
